
Microsoft Visual Studio Solution File, Format Version 12.00
# Visual Studio Version 16
VisualStudioVersion = 16.0.29326.143
MinimumVisualStudioVersion = 10.0.40219.1
Project("{9A19103F-16F7-4668-BE54-9A1E7A4F7556}") = "Day01", "Day01\Day01.csproj", "{71DCA1F4-A5EB-4B1F-9293-689E575C9D99}"
EndProject
Project("{9A19103F-16F7-4668-BE54-9A1E7A4F7556}") = "Day02", "Day02\Day02.csproj", "{9C8A2291-225D-4861-86FB-93549F477EFF}"
EndProject
Project("{9A19103F-16F7-4668-BE54-9A1E7A4F7556}") = "Day03", "Day03\Day03.csproj", "{267A3AAB-9AAC-4057-85B0-3BE09D130151}"
EndProject
Project("{2150E333-8FDC-42A3-9474-1A3956D46DE8}") = "Day 01", "Day 01", "{DAAD8F23-225B-4CBC-8AFD-11FA4636BF4E}"
EndProject
Project("{2150E333-8FDC-42A3-9474-1A3956D46DE8}") = "Day 02", "Day 02", "{3EA224E5-38F9-4D23-940F-A4A5ABC65CAD}"
EndProject
Project("{2150E333-8FDC-42A3-9474-1A3956D46DE8}") = "Day 03", "Day 03", "{F5396EEC-0F68-43FC-9F12-1FE15F2CAFAD}"
EndProject
Project("{9A19103F-16F7-4668-BE54-9A1E7A4F7556}") = "Day03.Tests", "Day03\Day03.Tests\Day03.Tests.csproj", "{91D0785C-7540-4A62-AF34-5707129B2BB2}"
EndProject
Project("{2150E333-8FDC-42A3-9474-1A3956D46DE8}") = "Solution Items", "Solution Items", "{F1FC30CD-629D-4203-8E37-025167BE6D19}"
	ProjectSection(SolutionItems) = preProject
		README.md = README.md
	EndProjectSection
EndProject
Project("{2150E333-8FDC-42A3-9474-1A3956D46DE8}") = "Day 04", "Day 04", "{1CA3B479-9338-4CDB-BF34-83266DF94439}"
EndProject
Project("{FAE04EC0-301F-11D3-BF4B-00C04F79EFBC}") = "Day04", "Day04\Day04.csproj", "{A393ED21-69FE-4A29-A426-DC43C9B39974}"
EndProject
Project("{FAE04EC0-301F-11D3-BF4B-00C04F79EFBC}") = "Day04.Tests", "Day04.Tests\Day04.Tests.csproj", "{DB20EE45-115D-4033-B82A-B5617CA125BB}"
EndProject
Global
	GlobalSection(SolutionConfigurationPlatforms) = preSolution
		Debug|Any CPU = Debug|Any CPU
		Release|Any CPU = Release|Any CPU
	EndGlobalSection
	GlobalSection(ProjectConfigurationPlatforms) = postSolution
		{71DCA1F4-A5EB-4B1F-9293-689E575C9D99}.Debug|Any CPU.ActiveCfg = Debug|Any CPU
		{71DCA1F4-A5EB-4B1F-9293-689E575C9D99}.Debug|Any CPU.Build.0 = Debug|Any CPU
		{71DCA1F4-A5EB-4B1F-9293-689E575C9D99}.Release|Any CPU.ActiveCfg = Release|Any CPU
		{71DCA1F4-A5EB-4B1F-9293-689E575C9D99}.Release|Any CPU.Build.0 = Release|Any CPU
		{9C8A2291-225D-4861-86FB-93549F477EFF}.Debug|Any CPU.ActiveCfg = Debug|Any CPU
		{9C8A2291-225D-4861-86FB-93549F477EFF}.Debug|Any CPU.Build.0 = Debug|Any CPU
		{9C8A2291-225D-4861-86FB-93549F477EFF}.Release|Any CPU.ActiveCfg = Release|Any CPU
		{9C8A2291-225D-4861-86FB-93549F477EFF}.Release|Any CPU.Build.0 = Release|Any CPU
		{267A3AAB-9AAC-4057-85B0-3BE09D130151}.Debug|Any CPU.ActiveCfg = Debug|Any CPU
		{267A3AAB-9AAC-4057-85B0-3BE09D130151}.Debug|Any CPU.Build.0 = Debug|Any CPU
		{267A3AAB-9AAC-4057-85B0-3BE09D130151}.Release|Any CPU.ActiveCfg = Release|Any CPU
		{267A3AAB-9AAC-4057-85B0-3BE09D130151}.Release|Any CPU.Build.0 = Release|Any CPU
		{91D0785C-7540-4A62-AF34-5707129B2BB2}.Debug|Any CPU.ActiveCfg = Debug|Any CPU
		{91D0785C-7540-4A62-AF34-5707129B2BB2}.Debug|Any CPU.Build.0 = Debug|Any CPU
		{91D0785C-7540-4A62-AF34-5707129B2BB2}.Release|Any CPU.ActiveCfg = Release|Any CPU
		{91D0785C-7540-4A62-AF34-5707129B2BB2}.Release|Any CPU.Build.0 = Release|Any CPU
		{A393ED21-69FE-4A29-A426-DC43C9B39974}.Debug|Any CPU.ActiveCfg = Debug|Any CPU
		{A393ED21-69FE-4A29-A426-DC43C9B39974}.Debug|Any CPU.Build.0 = Debug|Any CPU
		{A393ED21-69FE-4A29-A426-DC43C9B39974}.Release|Any CPU.ActiveCfg = Release|Any CPU
		{A393ED21-69FE-4A29-A426-DC43C9B39974}.Release|Any CPU.Build.0 = Release|Any CPU
		{DB20EE45-115D-4033-B82A-B5617CA125BB}.Debug|Any CPU.ActiveCfg = Debug|Any CPU
		{DB20EE45-115D-4033-B82A-B5617CA125BB}.Debug|Any CPU.Build.0 = Debug|Any CPU
		{DB20EE45-115D-4033-B82A-B5617CA125BB}.Release|Any CPU.ActiveCfg = Release|Any CPU
		{DB20EE45-115D-4033-B82A-B5617CA125BB}.Release|Any CPU.Build.0 = Release|Any CPU
	EndGlobalSection
	GlobalSection(SolutionProperties) = preSolution
		HideSolutionNode = FALSE
	EndGlobalSection
	GlobalSection(NestedProjects) = preSolution
		{71DCA1F4-A5EB-4B1F-9293-689E575C9D99} = {DAAD8F23-225B-4CBC-8AFD-11FA4636BF4E}
		{9C8A2291-225D-4861-86FB-93549F477EFF} = {3EA224E5-38F9-4D23-940F-A4A5ABC65CAD}
		{267A3AAB-9AAC-4057-85B0-3BE09D130151} = {F5396EEC-0F68-43FC-9F12-1FE15F2CAFAD}
		{91D0785C-7540-4A62-AF34-5707129B2BB2} = {F5396EEC-0F68-43FC-9F12-1FE15F2CAFAD}
		{A393ED21-69FE-4A29-A426-DC43C9B39974} = {1CA3B479-9338-4CDB-BF34-83266DF94439}
		{DB20EE45-115D-4033-B82A-B5617CA125BB} = {1CA3B479-9338-4CDB-BF34-83266DF94439}
	EndGlobalSection
	GlobalSection(ExtensibilityGlobals) = postSolution
		SolutionGuid = {4D74F23F-82F7-4449-BC5F-62D36D568FAC}
	EndGlobalSection
EndGlobal
